
Microsoft Visual Studio Solution File, Format Version 12.00
# Visual Studio Version 17
VisualStudioVersion = 17.14.36518.9 d17.14
MinimumVisualStudioVersion = 10.0.40219.1
Project("{FAE04EC0-301F-11D3-BF4B-00C04F79EFBC}") = "EventStatisticsHolderService", "EventStatisticsHolderService\EventStatisticsHolderService.csproj", "{249D3468-BDDC-4754-AA6D-CCDAFCA02B54}"
EndProject
Project("{FAE04EC0-301F-11D3-BF4B-00C04F79EFBC}") = "EventStatisticsHolderService.Domain", "EventStatisticsHolderService.Domain\EventStatisticsHolderService.Domain.csproj", "{A5A117A5-742C-45A3-AF7A-3CB57811F27B}"
EndProject
Project("{FAE04EC0-301F-11D3-BF4B-00C04F79EFBC}") = "EventStatisticsHolderService.DataAccess", "EventStatisticsHolderService.DataAccess\EventStatisticsHolderService.DataAccess.csproj", "{A7F2C1C8-BB88-46DA-B1ED-7D23C77FEA7B}"
EndProject
Global
	GlobalSection(SolutionConfigurationPlatforms) = preSolution
		Debug|Any CPU = Debug|Any CPU
		Release|Any CPU = Release|Any CPU
	EndGlobalSection
	GlobalSection(ProjectConfigurationPlatforms) = postSolution
		{249D3468-BDDC-4754-AA6D-CCDAFCA02B54}.Debug|Any CPU.ActiveCfg = Debug|Any CPU
		{249D3468-BDDC-4754-AA6D-CCDAFCA02B54}.Debug|Any CPU.Build.0 = Debug|Any CPU
		{249D3468-BDDC-4754-AA6D-CCDAFCA02B54}.Release|Any CPU.ActiveCfg = Release|Any CPU
		{249D3468-BDDC-4754-AA6D-CCDAFCA02B54}.Release|Any CPU.Build.0 = Release|Any CPU
		{A5A117A5-742C-45A3-AF7A-3CB57811F27B}.Debug|Any CPU.ActiveCfg = Debug|Any CPU
		{A5A117A5-742C-45A3-AF7A-3CB57811F27B}.Debug|Any CPU.Build.0 = Debug|Any CPU
		{A5A117A5-742C-45A3-AF7A-3CB57811F27B}.Release|Any CPU.ActiveCfg = Release|Any CPU
		{A5A117A5-742C-45A3-AF7A-3CB57811F27B}.Release|Any CPU.Build.0 = Release|Any CPU
		{A7F2C1C8-BB88-46DA-B1ED-7D23C77FEA7B}.Debug|Any CPU.ActiveCfg = Debug|Any CPU
		{A7F2C1C8-BB88-46DA-B1ED-7D23C77FEA7B}.Debug|Any CPU.Build.0 = Debug|Any CPU
		{A7F2C1C8-BB88-46DA-B1ED-7D23C77FEA7B}.Release|Any CPU.ActiveCfg = Release|Any CPU
		{A7F2C1C8-BB88-46DA-B1ED-7D23C77FEA7B}.Release|Any CPU.Build.0 = Release|Any CPU
	EndGlobalSection
	GlobalSection(SolutionProperties) = preSolution
		HideSolutionNode = FALSE
	EndGlobalSection
	GlobalSection(ExtensibilityGlobals) = postSolution
		SolutionGuid = {818E04ED-12A5-4572-9DC7-86C1C8170A42}
	EndGlobalSection
EndGlobal
